
Microsoft Visual Studio Solution File, Format Version 12.00
# Visual Studio 14
VisualStudioVersion = 14.0.25420.1
MinimumVisualStudioVersion = 10.0.40219.1
Project("{FAE04EC0-301F-11D3-BF4B-00C04F79EFBC}") = "Day2", "Day2\Day2.csproj", "{690EBBF6-8603-43BC-8E81-D8144EC85E8A}"
EndProject
Project("{FAE04EC0-301F-11D3-BF4B-00C04F79EFBC}") = "Day3", "Day3\Day3.csproj", "{EA469481-AC63-4A97-838E-35EA50898E6E}"
EndProject
Project("{FAE04EC0-301F-11D3-BF4B-00C04F79EFBC}") = "Day3.Tests", "Day3.Tests\Day3.Tests.csproj", "{F2F70FF7-7158-4E78-BC36-413549311E25}"
EndProject
Global
	GlobalSection(SolutionConfigurationPlatforms) = preSolution
		Debug|Any CPU = Debug|Any CPU
		Release|Any CPU = Release|Any CPU
	EndGlobalSection
	GlobalSection(ProjectConfigurationPlatforms) = postSolution
		{690EBBF6-8603-43BC-8E81-D8144EC85E8A}.Debug|Any CPU.ActiveCfg = Debug|Any CPU
		{690EBBF6-8603-43BC-8E81-D8144EC85E8A}.Debug|Any CPU.Build.0 = Debug|Any CPU
		{690EBBF6-8603-43BC-8E81-D8144EC85E8A}.Release|Any CPU.ActiveCfg = Release|Any CPU
		{690EBBF6-8603-43BC-8E81-D8144EC85E8A}.Release|Any CPU.Build.0 = Release|Any CPU
		{EA469481-AC63-4A97-838E-35EA50898E6E}.Debug|Any CPU.ActiveCfg = Debug|Any CPU
		{EA469481-AC63-4A97-838E-35EA50898E6E}.Debug|Any CPU.Build.0 = Debug|Any CPU
		{EA469481-AC63-4A97-838E-35EA50898E6E}.Release|Any CPU.ActiveCfg = Release|Any CPU
		{EA469481-AC63-4A97-838E-35EA50898E6E}.Release|Any CPU.Build.0 = Release|Any CPU
		{F2F70FF7-7158-4E78-BC36-413549311E25}.Debug|Any CPU.ActiveCfg = Debug|Any CPU
		{F2F70FF7-7158-4E78-BC36-413549311E25}.Debug|Any CPU.Build.0 = Debug|Any CPU
		{F2F70FF7-7158-4E78-BC36-413549311E25}.Release|Any CPU.ActiveCfg = Release|Any CPU
		{F2F70FF7-7158-4E78-BC36-413549311E25}.Release|Any CPU.Build.0 = Release|Any CPU
	EndGlobalSection
	GlobalSection(SolutionProperties) = preSolution
		HideSolutionNode = FALSE
	EndGlobalSection
EndGlobal
